
Microsoft Visual Studio Solution File, Format Version 12.00
# Visual Studio Version 17
VisualStudioVersion = 17.1.32210.238
MinimumVisualStudioVersion = 10.0.40219.1
Project("{FAE04EC0-301F-11D3-BF4B-00C04F79EFBC}") = "TimeConversionHackerRank", "TimeConversion\TimeConversionHackerRank.csproj", "{94C3BA47-5D2E-4049-9D90-93A77E4B34E9}"
EndProject
Project("{FAE04EC0-301F-11D3-BF4B-00C04F79EFBC}") = "TimeConversionHackerRank.UnitTests", "TimeConversionHackerRank.UnitTests\TimeConversionHackerRank.UnitTests.csproj", "{FBC6C99A-F54C-455F-BA62-C1F3980F2AFF}"
EndProject
Global
	GlobalSection(SolutionConfigurationPlatforms) = preSolution
		Debug|Any CPU = Debug|Any CPU
		Release|Any CPU = Release|Any CPU
	EndGlobalSection
	GlobalSection(ProjectConfigurationPlatforms) = postSolution
		{94C3BA47-5D2E-4049-9D90-93A77E4B34E9}.Debug|Any CPU.ActiveCfg = Debug|Any CPU
		{94C3BA47-5D2E-4049-9D90-93A77E4B34E9}.Debug|Any CPU.Build.0 = Debug|Any CPU
		{94C3BA47-5D2E-4049-9D90-93A77E4B34E9}.Release|Any CPU.ActiveCfg = Release|Any CPU
		{94C3BA47-5D2E-4049-9D90-93A77E4B34E9}.Release|Any CPU.Build.0 = Release|Any CPU
		{FBC6C99A-F54C-455F-BA62-C1F3980F2AFF}.Debug|Any CPU.ActiveCfg = Debug|Any CPU
		{FBC6C99A-F54C-455F-BA62-C1F3980F2AFF}.Debug|Any CPU.Build.0 = Debug|Any CPU
		{FBC6C99A-F54C-455F-BA62-C1F3980F2AFF}.Release|Any CPU.ActiveCfg = Release|Any CPU
		{FBC6C99A-F54C-455F-BA62-C1F3980F2AFF}.Release|Any CPU.Build.0 = Release|Any CPU
	EndGlobalSection
	GlobalSection(SolutionProperties) = preSolution
		HideSolutionNode = FALSE
	EndGlobalSection
	GlobalSection(ExtensibilityGlobals) = postSolution
		SolutionGuid = {2269AFB1-04DE-4A60-BD13-C47981EE9272}
	EndGlobalSection
EndGlobal
